
Microsoft Visual Studio Solution File, Format Version 12.00
Project("{FAE04EC0-301F-11D3-BF4B-00C04F79EFBC}") = "Foody.Web", "Foody.Web\Foody.Web.csproj", "{B736BE10-468D-4D50-B2B1-18B195704A9A}"
EndProject
Project("{2150E333-8FDC-42A3-9474-1A3956D46DE8}") = "src", "src", "{80BA8446-25E5-4DA7-BDB9-E6B7889B0335}"
EndProject
Project("{2150E333-8FDC-42A3-9474-1A3956D46DE8}") = "tests", "tests", "{CE6B4B0D-F099-4701-A55E-C595F700D908}"
EndProject
Project("{2150E333-8FDC-42A3-9474-1A3956D46DE8}") = "Shared", "Shared", "{F262114C-EDBD-40A8-BE7C-D1154252538A}"
EndProject
Project("{FAE04EC0-301F-11D3-BF4B-00C04F79EFBC}") = "Foody.Shared.Kernel", "Foody.Shared.Kernel\Foody.Shared.Kernel.csproj", "{69E14E45-3787-42C5-BA2D-E555B88FB816}"
EndProject
Project("{FAE04EC0-301F-11D3-BF4B-00C04F79EFBC}") = "Foody.Shared.Infrastructure", "Foody.Shared.Infrastructure\Foody.Shared.Infrastructure.csproj", "{BB38F96F-AFDC-4A10-AF0C-B15238DDCA8B}"
EndProject
Project("{2150E333-8FDC-42A3-9474-1A3956D46DE8}") = "Modules", "Modules", "{E197C913-5A1F-44B0-BD92-930FB51379FB}"
EndProject
Project("{2150E333-8FDC-42A3-9474-1A3956D46DE8}") = "Identity", "Identity", "{F91E9274-5AF2-42F5-B402-5B4606D06DBB}"
EndProject
Project("{2150E333-8FDC-42A3-9474-1A3956D46DE8}") = "Rating", "Rating", "{A91879F7-FAD1-4F31-9E0A-41080DE3570C}"
EndProject
Project("{2150E333-8FDC-42A3-9474-1A3956D46DE8}") = "Food", "Food", "{7F307CED-7CCC-449F-9139-E0FF27EC19D4}"
EndProject
Project("{2150E333-8FDC-42A3-9474-1A3956D46DE8}") = "Presentation", "Presentation", "{31A7B873-D67C-4146-952F-A540AEE144D0}"
EndProject
Project("{2150E333-8FDC-42A3-9474-1A3956D46DE8}") = "Solution Items", "Solution Items", "{0B769F74-5EEF-455B-AAF7-8E2D2F6B6DD5}"
	ProjectSection(SolutionItems) = preProject
		README.MD = README.MD
		.gitignore = .gitignore
	EndProjectSection
EndProject
Global
	GlobalSection(SolutionConfigurationPlatforms) = preSolution
		Debug|Any CPU = Debug|Any CPU
		Release|Any CPU = Release|Any CPU
	EndGlobalSection
	GlobalSection(ProjectConfigurationPlatforms) = postSolution
		{B736BE10-468D-4D50-B2B1-18B195704A9A}.Debug|Any CPU.ActiveCfg = Debug|Any CPU
		{B736BE10-468D-4D50-B2B1-18B195704A9A}.Debug|Any CPU.Build.0 = Debug|Any CPU
		{B736BE10-468D-4D50-B2B1-18B195704A9A}.Release|Any CPU.ActiveCfg = Release|Any CPU
		{B736BE10-468D-4D50-B2B1-18B195704A9A}.Release|Any CPU.Build.0 = Release|Any CPU
		{69E14E45-3787-42C5-BA2D-E555B88FB816}.Debug|Any CPU.ActiveCfg = Debug|Any CPU
		{69E14E45-3787-42C5-BA2D-E555B88FB816}.Debug|Any CPU.Build.0 = Debug|Any CPU
		{69E14E45-3787-42C5-BA2D-E555B88FB816}.Release|Any CPU.ActiveCfg = Release|Any CPU
		{69E14E45-3787-42C5-BA2D-E555B88FB816}.Release|Any CPU.Build.0 = Release|Any CPU
		{BB38F96F-AFDC-4A10-AF0C-B15238DDCA8B}.Debug|Any CPU.ActiveCfg = Debug|Any CPU
		{BB38F96F-AFDC-4A10-AF0C-B15238DDCA8B}.Debug|Any CPU.Build.0 = Debug|Any CPU
		{BB38F96F-AFDC-4A10-AF0C-B15238DDCA8B}.Release|Any CPU.ActiveCfg = Release|Any CPU
		{BB38F96F-AFDC-4A10-AF0C-B15238DDCA8B}.Release|Any CPU.Build.0 = Release|Any CPU
	EndGlobalSection
	GlobalSection(NestedProjects) = preSolution
		{F262114C-EDBD-40A8-BE7C-D1154252538A} = {80BA8446-25E5-4DA7-BDB9-E6B7889B0335}
		{69E14E45-3787-42C5-BA2D-E555B88FB816} = {F262114C-EDBD-40A8-BE7C-D1154252538A}
		{BB38F96F-AFDC-4A10-AF0C-B15238DDCA8B} = {F262114C-EDBD-40A8-BE7C-D1154252538A}
		{E197C913-5A1F-44B0-BD92-930FB51379FB} = {80BA8446-25E5-4DA7-BDB9-E6B7889B0335}
		{F91E9274-5AF2-42F5-B402-5B4606D06DBB} = {E197C913-5A1F-44B0-BD92-930FB51379FB}
		{A91879F7-FAD1-4F31-9E0A-41080DE3570C} = {E197C913-5A1F-44B0-BD92-930FB51379FB}
		{7F307CED-7CCC-449F-9139-E0FF27EC19D4} = {E197C913-5A1F-44B0-BD92-930FB51379FB}
		{31A7B873-D67C-4146-952F-A540AEE144D0} = {80BA8446-25E5-4DA7-BDB9-E6B7889B0335}
		{B736BE10-468D-4D50-B2B1-18B195704A9A} = {31A7B873-D67C-4146-952F-A540AEE144D0}
	EndGlobalSection
EndGlobal
